{
  "lockfileVersion": 2,
  "configVersion": 0,
  "workspaces": {
    "": {
      "name": "steward-monorepo",
      "devDependencies": {
        "prettier": "3.9.6",
      },
    },
    "packages/agent": {
      "name": "@steward/agent",
      "version": "0.1.0",
      "dependencies": {
        "zod": "4.6.1",
      },
      "devDependencies": {
        "@types/bun": "1.4.2",
      },
    },
    "packages/ai": {
      "name": "@steward/ai",
      "version": "0.1.0",
      "dependencies": {
        "@ai-sdk/anthropic": "4.0.71",
        "@ai-sdk/deepseek": "3.0.58",
        "@ai-sdk/google": "4.0.87",
        "@ai-sdk/groq": "4.0.54",
        "@ai-sdk/mistral": "4.0.56",
        "@ai-sdk/openai": "4.0.83",
        "@ai-sdk/openai-compatible": "3.0.62",
        "@ai-sdk/xai": "5.0.14",
        "ai": "7.0.127",
      },
      "devDependencies": {
        "@types/bun": "1.4.2",
      },
    },
    "packages/cli": {
      "name": "steward-cli",
      "version": "0.30.1",
      "bin": {
        "steward": "dist/cli.js",
        "steward-cli": "dist/cli.js",
      },
      "dependencies": {
        "@steward/agent": "*",
        "@steward/ai": "*",
        "@steward/oauth": "*",
        "chalk": "6.0.0",
        "cli-highlight": "2.1.11",
        "marked": "18.0.12",
        "stitchable": "*",
        "string-width": "8.2.2",
        "strip-ansi": "7.2.0",
      },
      "devDependencies": {
        "@types/bun": "1.4.2",
        "prettier": "3.9.6",
      },
    },
    "packages/oauth": {
      "name": "@steward/oauth",
      "version": "0.1.0",
      "devDependencies": {
        "@types/bun": "1.4.2",
      },
    },
    "packages/tui": {
      "name": "stitchable",
      "version": "0.0.0",
      "dependencies": {
        "string-width": "8.2.2",
      },
      "devDependencies": {
        "@types/bun": "1.4.2",
      },
    },
  },
  "packages": {
    "@ai-sdk/anthropic": ["@ai-sdk/anthropic@4.0.71", "", { "dependencies": { "@ai-sdk/provider": "4.0.21", "@ai-sdk/provider-utils": "5.0.53" }, "peerDependencies": { "zod": "^3.25.76 || ^4.1.8" } }, "sha512-wiv3jhUH0RrvGzSolJMZfZ2cI9As45LhwYmcAoWvNivXjC7wzJ4W/Udq9/u7EGnGsT8lpmFKEKBrMXVeUO97Dg=="],

    "@ai-sdk/deepseek": ["@ai-sdk/deepseek@3.0.58", "", { "dependencies": { "@ai-sdk/provider": "4.0.21", "@ai-sdk/provider-utils": "5.0.53" }, "peerDependencies": { "zod": "^3.25.76 || ^4.1.8" } }, "sha512-tOafL69mHQGJH3g/mu4k0evkP/cRLSHCWe7L9rcVV4b0S1zI2rpWDZbToZO7D4X/uox9baVmgRQ5AoUTeaDs0A=="],

    "@ai-sdk/gateway": ["@ai-sdk/gateway@4.0.103", "", { "dependencies": { "@ai-sdk/provider": "4.0.21", "@ai-sdk/provider-utils": "5.0.53", "@vercel/oidc": "3.2.0" }, "peerDependencies": { "zod": "^3.25.76 || ^4.1.8" } }, "sha512-nnGTUHzPRQ14jhv9CL4OQrzcRBIFTBMIPKGIi9Z9u/4GtwSRxa/nxUX6np2Iwp5phOzO0a0njj/j9Jolf5AEaA=="],

    "@ai-sdk/google": ["@ai-sdk/google@4.0.87", "", { "dependencies": { "@ai-sdk/provider": "4.0.21", "@ai-sdk/provider-utils": "5.0.53" }, "peerDependencies": { "zod": "^3.25.76 || ^4.1.8" } }, "sha512-s0tWc+QeSce7O2ZLm+VWSRQy16dGfqEcMIUxEWh+LFvXX3h0TLH8jxCQ2H1qhiBgTta+6A97eHPhBlRFu1xy+g=="],

    "@ai-sdk/groq": ["@ai-sdk/groq@4.0.54", "", { "dependencies": { "@ai-sdk/provider": "4.0.21", "@ai-sdk/provider-utils": "5.0.53" }, "peerDependencies": { "zod": "^3.25.76 || ^4.1.8" } }, "sha512-hAcGQqvThh52tEbhCwOaaSMcxHtJrA7SENLSRBxeteEzdFT/tjRhqes6S8MobR4O53nLZYz7HsSoRejH/D1bWA=="],

    "@ai-sdk/mistral": ["@ai-sdk/mistral@4.0.56", "", { "dependencies": { "@ai-sdk/provider": "4.0.21", "@ai-sdk/provider-utils": "5.0.53" }, "peerDependencies": { "zod": "^3.25.76 || ^4.1.8" } }, "sha512-Kppa/gmT0/W9eYwm3ihbrsXR8R8D/OCnTnKTQS/+L4Ssd3AYOdwRbRUnYcEL/HzoWNwd/pfVD5dof1a5c8hKnQ=="],

    "@ai-sdk/openai": ["@ai-sdk/openai@4.0.83", "", { "dependencies": { "@ai-sdk/provider": "4.0.21", "@ai-sdk/provider-utils": "5.0.53" }, "peerDependencies": { "zod": "^3.25.76 || ^4.1.8" } }, "sha512-NgqZVWoya7hfmtLkWyIjX9THbyYMLfxFqpShdAmvMnkoT+R9AZbdULGan8+4BiBWIZ1aHiAsc90l3SL8QU/0+Q=="],

    "@ai-sdk/openai-compatible": ["@ai-sdk/openai-compatible@3.0.62", "", { "dependencies": { "@ai-sdk/provider": "4.0.21", "@ai-sdk/provider-utils": "5.0.53" }, "peerDependencies": { "zod": "^3.25.76 || ^4.1.8" } }, "sha512-IAz1xv8zot4KLGa8kN7UfAA6H5+ARzAgAKLsoKxHPBzZuOc2E3ohaELg0x/JR9HVTbMbiftb0dPyCb8cT2KBRg=="],

    "@ai-sdk/provider": ["@ai-sdk/provider@4.0.21", "", { "dependencies": { "json-schema": "^0.4.0" } }, "sha512-UpbC9C1oht8dhfKPbVXSLRZS3DI8uk8n5v2uMjBPNIYGsC2kL045ywq7D8Hh9KgnH9rP5W/GxQdYtWScRouqlA=="],

    "@ai-sdk/provider-utils": ["@ai-sdk/provider-utils@5.0.53", "", { "dependencies": { "@ai-sdk/provider": "4.0.21", "@standard-schema/spec": "^1.1.0", "@workflow/serde": "4.1.0", "eventsource-parser": "^3.0.8", "undici": "^7.29.0" }, "peerDependencies": { "zod": "^3.25.76 || ^4.1.8" } }, "sha512-VVe6UDd0y0/B4TfauuKKzcppqvhTmSluwwUVT4WG2/8h7gFbyFm7PM4UGM+ZXe3/RI6bv+Vl1cw/7aiBoQqdxg=="],

    "@ai-sdk/xai": ["@ai-sdk/xai@5.0.14", "", { "dependencies": { "@ai-sdk/provider": "4.0.21", "@ai-sdk/provider-utils": "5.0.53" }, "peerDependencies": { "zod": "^3.25.76 || ^4.1.8" } }, "sha512-Omgf/lFOf1nHhRGlRQqD/t7DPllZaxen1kIGiMrgYfnhtfdM7YcKMUY76rw9CeFrOldGLfewbfShAm9hWAp5FA=="],

    "@standard-schema/spec": ["@standard-schema/spec@1.1.0", "", {}, "sha512-l2aFy5jALhniG5HgqrD6jXLi/rUWrKvqN/qJx6yoJsgKhblVd+iqqU4RCXavm/jPityDo5TCvKMnpjKnOriy0w=="],

    "@steward/agent": ["@steward/agent@workspace:packages/agent"],

    "@steward/ai": ["@steward/ai@workspace:packages/ai"],

    "@steward/oauth": ["@steward/oauth@workspace:packages/oauth"],

    "@types/bun": ["@types/bun@1.4.2", "", { "dependencies": { "bun-types": "1.4.2" } }, "sha512-GimotNn7+ZV0uVArItBbriZsR1oNf0+WTzPkdcFrzShI7k2norL0uzEaJT8T33dWr7O/c9ZDuAFQrctKCi72oQ=="],

    "@types/node": ["@types/node@26.6.4", "", { "dependencies": { "undici-types": "~8.9.0" } }, "sha512-ldVPDCzj7fsaGZrLB0NuHuTvJcsNasysBAqMolr/cgxrLd1xbqxIr3XJiPnHHJUCxj5sNF1vnRj9aWnrVh5Jcg=="],

    "@vercel/oidc": ["@vercel/oidc@3.2.0", "", {}, "sha512-UycprH3T6n3jH0k44NHMa7pnFHGu/N05MjojYr+Mc6I7obkoLIJujSWwin1pCvdy/eOxrI/l3uDLQsmcrOb4ug=="],

    "@workflow/serde": ["@workflow/serde@4.1.0", "", {}, "sha512-pav4F2BoirECWR7Nf1TKt+2eETcBj7jj4cBefQ8VXQCA6NPkaKeLfj/zMgi+3zYV5ZIBT4GuUiphsj0/b9hPQQ=="],

    "ai": ["ai@7.0.127", "", { "dependencies": { "@ai-sdk/gateway": "4.0.103", "@ai-sdk/provider": "4.0.21", "@ai-sdk/provider-utils": "5.0.53" }, "peerDependencies": { "zod": "^3.25.76 || ^4.1.8" } }, "sha512-JNsNPk4ZvRGEJuqdVo2lYFkm7uAuf3p/RwKFWn1Wh/+IK3U1RyFWw2GXoFnhzqNfxEuj7XJB4WpIUhl1sHToWg=="],

    "ansi-regex": ["ansi-regex@6.4.0", "", {}, "sha512-KzTVk2tCWAHtYrvvvaP8bJKJq2pVinhLcGEQdtLIYPbmNGNyYe8QwNaTUYQp2J7/vIsUKt5QCqAfUkYyG9DkOw=="],

    "ansi-styles": ["ansi-styles@4.3.0", "", { "dependencies": { "color-convert": "^2.0.1" } }, "sha512-zbB9rCJAT1rbjiVDb2hqKFHNYLxgtk8NURxZ3IZwD3F6NtxbXZQCnnSi1Lkx+IDohdPlFp222wVALIheZJQSEg=="],

    "any-promise": ["any-promise@1.3.0", "", {}, "sha512-7UvmKalWRt1wgjL1RrGxoSJW/0QZFIegpeGvZG9kjp8vrRu55XTHbwnqq2GpXm9uLbcuhxm3IqX9OB4MZR1b2A=="],

    "bun-types": ["bun-types@1.4.2", "", { "dependencies": { "@types/node": "*" } }, "sha512-bxV1FgK7yBIzjRe5zBozIM4Bem11ZJcCXSrjWRG3YWLt8yFDePu4cLjpebO8OvPeIE9trbyPF4fuj3Cia4Fj3w=="],

    "chalk": ["chalk@6.0.0", "", {}, "sha512-2uNTXIuTTxk7ciZgAU1BQcgnchcG0xXnrs6jzkQfj9SsRa9M2s5zE8WT96hS6KmG4MzWHSrvH43DF1m4XRkrFg=="],

    "cli-highlight": ["cli-highlight@2.1.11", "", { "dependencies": { "chalk": "^4.0.0", "highlight.js": "^10.7.1", "mz": "^2.4.0", "parse5": "^5.1.1", "parse5-htmlparser2-tree-adapter": "^6.0.0", "yargs": "^16.0.0" }, "bin": { "highlight": "bin/highlight" } }, "sha512-9KDcoEVwyUXrjcJNvHD0NFc/hiwe/WPVYIleQh2O1N2Zro5gWJZ/K+3DGn8w8P/F6FxOgzyC5bxDyHIgCSPhGg=="],

    "cliui": ["cliui@7.0.4", "", { "dependencies": { "string-width": "^4.2.0", "strip-ansi": "^6.0.0", "wrap-ansi": "^7.0.0" } }, "sha512-OcRE68cOsVMXp1Yvonl/fzkQOyjLSu/8bhPDfQt0e0/Eb283TKP20Fs2MqoPsr9SwA595rRCA+QMzYc9nBP+JQ=="],

    "color-convert": ["color-convert@2.0.1", "", { "dependencies": { "color-name": "~1.1.4" } }, "sha512-RRECPsj7iu/xb5oKYcsFHSppFNnsj/52OVTRKb4zP5onXwVF3zVmmToNcOfGC+CRDpfK/U584fMg38ZHCaElKQ=="],

    "color-name": ["color-name@1.1.4", "", {}, "sha512-dOy+3AuW3a2wNbZHIuMZpTcgjGuLU/uBL/ubcZF9OXbDo8ff4O8yVp5Bf0efS8uEoYo5q4Fx7dY9OgQGXgAsQA=="],

    "emoji-regex": ["emoji-regex@8.0.0", "", {}, "sha512-MSjYzcWNOA0ewAHpz0MxpYFvwg6yjy1NG3xteoqz644VCo/RPgnr1/GGt+ic3iJTzQ8Eu3TdM14SawnVUmGE6A=="],

    "escalade": ["escalade@3.2.0", "", {}, "sha512-WUj2qlxaQtO4g6Pq5c29GTcWGDyd8itL8zTlipgECz3JesAiiOKotd8JU6otB3PACgG6xkJUyVhboMS+bje/jA=="],

    "eventsource-parser": ["eventsource-parser@3.1.1", "", {}, "sha512-EKN1vKAMcZ8MlYMpaNuxN6R9yakzH6uajHcHVTqWJzvu5pWw9DyhbP35HH8MVBQ+dZjAfDxk+A8NiR9KWaXiyQ=="],

    "get-caller-file": ["get-caller-file@2.0.5", "", {}, "sha512-DyFP3BM/3YHTQOCUL/w0OZHR0lpKeGrxotcHWcqNEdnltqFwXVfhEBQ94eIo34AfQpo0rGki4cyIiftY06h2Fg=="],

    "get-east-asian-width": ["get-east-asian-width@1.7.0", "", {}, "sha512-XjH1AECxf0giL2V1aU8vKyRR2ppRUb5c0EvT7zuJTokQ74bNo52zOtghqdWIqrhUD79fo3x0WfKZdOqxF6LG1Q=="],

    "has-flag": ["has-flag@4.0.0", "", {}, "sha512-EykJT/Q1KjTWctppgIAgfSO0tKVuZUjhgMr17kqTumMl6Afv3EISleU7qZUzoXDFTAHTDC4NOoG/ZxU3EvlMPQ=="],

    "highlight.js": ["highlight.js@10.7.3", "", {}, "sha512-tzcUFauisWKNHaRkN4Wjl/ZA07gENAjFl3J/c480dprkGTg5EQstgaNFqBfUqCq54kZRIEcreTsAgF/m2quD7A=="],

    "is-fullwidth-code-point": ["is-fullwidth-code-point@3.0.0", "", {}, "sha512-zymm5+u+sCsSWyD9qNaejV3DFvhCKclKdizYaJUuHA83RLjb7nSuGnddCHGv0hk+KY7BMAlsWeK4Ueg6EV6XQg=="],

    "json-schema": ["json-schema@0.4.0", "", {}, "sha512-es94M3nTIfsEPisRafak+HDLfHXnKBhV3vU5eqPcS3flIWqcxJWgXHXiey3YrpaNsanY5ei1VoYEbOzijuq9BA=="],

    "marked": ["marked@18.0.12", "", { "bin": "bin/marked.js" }, "sha512-LEm4ga2YeI2T3GVHj9b0BaDPPk93LLTHMFeMyQbNIzPxc8vCI0y/scy0ZA6z6lXKyT9j9Nhl/OC6ZYKYGuFScA=="],

    "mz": ["mz@2.7.0", "", { "dependencies": { "any-promise": "^1.0.0", "object-assign": "^4.0.1", "thenify-all": "^1.0.0" } }, "sha512-z81GNO7nnYMEhrGh9LeymoE4+Yr0Wn5McHIZMK5cfQCl+NDX08sCZgUc9/6MHni9IWuFLm1Z3HTCXu2z9fN62Q=="],

    "object-assign": ["object-assign@4.1.1", "", {}, "sha512-rJgTQnkUnH1sFw8yT6VSU3zD3sWmu6sZhIseY8VX+GRu3P6F7Fu+JNDoXfklElbLJSnc3FUQHVe4cU5hj+BcUg=="],

    "parse5": ["parse5@5.1.1", "", {}, "sha512-ugq4DFI0Ptb+WWjAdOK16+u/nHfiIrcE+sh8kZMaM0WllQKLI9rOUq6c2b7cwPkXdzfQESqvoqK6ug7U/Yyzug=="],

    "parse5-htmlparser2-tree-adapter": ["parse5-htmlparser2-tree-adapter@6.0.1", "", { "dependencies": { "parse5": "^6.0.1" } }, "sha512-qPuWvbLgvDGilKc5BoicRovlT4MtYT6JfJyBOMDsKoiT+GiuP5qyrPCnR9HcPECIJJmZh5jRndyNThnhhb/vlA=="],

    "prettier": ["prettier@3.9.6", "", { "bin": "bin/prettier.cjs" }, "sha512-OpN0zzVdiaiAhxpuuj5efpIS4sY9j7bY6uR5mnj5yPzGkdkjNKSJeUThPb60Jw29QuAZgA4o+/iB49kFiaBX6g=="],

    "require-directory": ["require-directory@2.1.1", "", {}, "sha512-fGxEI7+wsG9xrvdjsrlmL22OMTTiHRwAMroiEeMgq8gzoLC/PQr7RsRDSTLUg/bZAZtF+TVIkHc6/4RIKrui+Q=="],

    "steward-cli": ["steward-cli@workspace:packages/cli"],

    "stitchable": ["stitchable@workspace:packages/tui"],

    "string-width": ["string-width@8.2.2", "", { "dependencies": { "get-east-asian-width": "^1.5.0", "strip-ansi": "^7.1.2" } }, "sha512-GaPUh5gfdrYzqeVNZvUfT23vYYxXzKYidUcnMtJg/3rxRV63EFZy3k6xfKlmfeJD0176lnUV/Usr3XcwSvFzpg=="],

    "strip-ansi": ["strip-ansi@7.2.0", "", { "dependencies": { "ansi-regex": "^6.2.2" } }, "sha512-yDPMNjp4WyfYBkHnjIRLfca1i6KMyGCtsVgoKe/z1+6vukgaENdgGBZt+ZmKPc4gavvEZ5OgHfHdrazhgNyG7w=="],

    "supports-color": ["supports-color@7.2.0", "", { "dependencies": { "has-flag": "^4.0.0" } }, "sha512-qpCAvRl9stuOHveKsn7HncJRvv501qIacKzQlO/+Lwxc9+0q2wLyv4Dfvt80/DPn2pqOBsJdDiogXGR9+OvwRw=="],

    "thenify": ["thenify@3.3.1", "", { "dependencies": { "any-promise": "^1.0.0" } }, "sha512-RVZSIV5IG10Hk3enotrhvz0T9em6cyHBLkH/YAZuKqd8hRkKhSfCGIcP2KUY0EPxndzANBmNllzWPwak+bheSw=="],

    "thenify-all": ["thenify-all@1.6.0", "", { "dependencies": { "thenify": ">= 3.1.0 < 4" } }, "sha512-RNxQH/qI8/t3thXJDwcstUO4zeqo64+Uy/+sNVRBx4Xn2OX+OZ9oP+iJnNFqplFra2ZUVeKCSa2oVWi3T4uVmA=="],

    "undici": ["undici@7.30.0", "", {}, "sha512-dkrQXeHSaoamnItlYbmzG0wFYrM0ZwDxCIg0A7aKjTyyhh9svRzCNFEzV+Vm05/yehjCzjDZ31KXfGEjYSztDQ=="],

    "undici-types": ["undici-types@8.9.0", "", {}, "sha512-KTDyRTYX8sWmKXAikPHHSyc63CRPETMctyjKFupcC6OBLXT3xsN0e9aF7m+mIXutFWpUXuedtowG7iLOzp0kQg=="],

    "wrap-ansi": ["wrap-ansi@7.0.0", "", { "dependencies": { "ansi-styles": "^4.0.0", "string-width": "^4.1.0", "strip-ansi": "^6.0.0" } }, "sha512-YVGIj2kamLSTxw6NsZjoBxfSwsn0ycdesmc4p+Q21c5zPuZ1pl+NfxVdxPtdHvmNVOQ6XSYG4AUtyt/Fi7D16Q=="],

    "y18n": ["y18n@5.0.8", "", {}, "sha512-0pfFzegeDWJHJIAmTLRP2DwHjdF5s7jo9tuztdQxAhINCdvS+3nGINqPd00AphqJR/0LhANUS6/+7SCb98YOfA=="],

    "yargs": ["yargs@16.2.2", "", { "dependencies": { "cliui": "^7.0.2", "escalade": "^3.1.1", "get-caller-file": "^2.0.5", "require-directory": "^2.1.1", "string-width": "^4.2.0", "y18n": "^5.0.5", "yargs-parser": "^20.2.2" } }, "sha512-Nt9ZJjXTv5R8MHbqby/wXQ6Gi0Bb3TcYZkR1bzuL4yB2OxWPkXknz513gEF0GoA6tn00UpbPvERW8rzCuWCA6w=="],

    "yargs-parser": ["yargs-parser@20.2.9", "", {}, "sha512-y11nGElTIV+CT3Zv9t7VKl+Q3hTQoT9a1Qzezhhl6Rp21gJ/IVTW7Z3y9EWXhuUBC2Shnf+DX0antecpAwSP8w=="],

    "zod": ["zod@4.6.1", "", {}, "sha512-341aRWQsve0rvronKNTqZpjmzdbUDlFuzHaI/XLg/Ej82qffDJRRfBTCuv7+9q/rMjB6LSLyEBnW4InJeMtt/Q=="],

    "cli-highlight/chalk": ["chalk@4.1.2", "", { "dependencies": { "ansi-styles": "^4.1.0", "supports-color": "^7.1.0" } }, "sha512-oKnbhFyRIXpUuez8iBMmyEa4nbj4IOQyuhc/wy9kY7/WVPcwIO9VA668Pu8RkO7+0G76SLROeyw9CpQ061i4mA=="],

    "cliui/string-width": ["string-width@4.2.3", "", { "dependencies": { "emoji-regex": "^8.0.0", "is-fullwidth-code-point": "^3.0.0", "strip-ansi": "^6.0.1" } }, "sha512-wKyQRQpjJ0sIp62ErSZdGsjMJWsap5oRNihHhu6G7JVO/9jIB6UyevL+tXuOqrng8j/cxKTWyWUwvSTriiZz/g=="],

    "cliui/strip-ansi": ["strip-ansi@6.0.1", "", { "dependencies": { "ansi-regex": "^5.0.1" } }, "sha512-Y38VPSHcqkFrCpFnQ9vuSXmquuv5oXOKpGeT6aGrr3o3Gc9AlVa6JBfUSOCnbxGGZF+/0ooI7KrPuUSztUdU5A=="],

    "parse5-htmlparser2-tree-adapter/parse5": ["parse5@6.0.1", "", {}, "sha512-Ofn/CTFzRGTTxwpNEs9PP93gXShHcTq255nzRYSKe8AkVpZY7e1fpmTfOyoIvjP5HG7Z2ZM7VS9PPhQGW2pOpw=="],

    "wrap-ansi/string-width": ["string-width@4.2.3", "", { "dependencies": { "emoji-regex": "^8.0.0", "is-fullwidth-code-point": "^3.0.0", "strip-ansi": "^6.0.1" } }, "sha512-wKyQRQpjJ0sIp62ErSZdGsjMJWsap5oRNihHhu6G7JVO/9jIB6UyevL+tXuOqrng8j/cxKTWyWUwvSTriiZz/g=="],

    "wrap-ansi/strip-ansi": ["strip-ansi@6.0.1", "", { "dependencies": { "ansi-regex": "^5.0.1" } }, "sha512-Y38VPSHcqkFrCpFnQ9vuSXmquuv5oXOKpGeT6aGrr3o3Gc9AlVa6JBfUSOCnbxGGZF+/0ooI7KrPuUSztUdU5A=="],

    "yargs/string-width": ["string-width@4.2.3", "", { "dependencies": { "emoji-regex": "^8.0.0", "is-fullwidth-code-point": "^3.0.0", "strip-ansi": "^6.0.1" } }, "sha512-wKyQRQpjJ0sIp62ErSZdGsjMJWsap5oRNihHhu6G7JVO/9jIB6UyevL+tXuOqrng8j/cxKTWyWUwvSTriiZz/g=="],

    "cliui/strip-ansi/ansi-regex": ["ansi-regex@5.0.1", "", {}, "sha512-quJQXlTSUGL2LH9SUXo8VwsY4soanhgo6LNSm84E1LBcE8s3O0wpdiRzyR9z/ZZJMlMWv37qOOb9pdJlMUEKFQ=="],

    "wrap-ansi/strip-ansi/ansi-regex": ["ansi-regex@5.0.1", "", {}, "sha512-quJQXlTSUGL2LH9SUXo8VwsY4soanhgo6LNSm84E1LBcE8s3O0wpdiRzyR9z/ZZJMlMWv37qOOb9pdJlMUEKFQ=="],

    "yargs/string-width/strip-ansi": ["strip-ansi@6.0.1", "", { "dependencies": { "ansi-regex": "^5.0.1" } }, "sha512-Y38VPSHcqkFrCpFnQ9vuSXmquuv5oXOKpGeT6aGrr3o3Gc9AlVa6JBfUSOCnbxGGZF+/0ooI7KrPuUSztUdU5A=="],

    "yargs/string-width/strip-ansi/ansi-regex": ["ansi-regex@5.0.1", "", {}, "sha512-quJQXlTSUGL2LH9SUXo8VwsY4soanhgo6LNSm84E1LBcE8s3O0wpdiRzyR9z/ZZJMlMWv37qOOb9pdJlMUEKFQ=="],
  }
}
